{
  "version": 4,
  "terraform_version": "1.1.5",
  "serial": 14,
  "lineage": "ec94d397-f945-6885-1a79-80c7beac4ea3",
  "outputs": {
    "external_ip_address_vm_1": {
      "value": "51.250.6.97",
      "type": "string"
    },
    "external_ip_address_vm_2": {
      "value": "51.250.1.3",
      "type": "string"
    },
    "internal_ip_address_vm_1": {
      "value": "192.168.10.15",
      "type": "string"
    },
    "internal_ip_address_vm_2": {
      "value": "192.168.10.27",
      "type": "string"
    }
  },
  "resources": [
    {
      "mode": "managed",
      "type": "yandex_compute_instance",
      "name": "vm-1",
      "provider": "provider[\"registry.terraform.io/yandex-cloud/yandex\"]",
      "instances": [
        {
          "schema_version": 1,
          "attributes": {
            "allow_recreate": null,
            "allow_stopping_for_update": null,
            "boot_disk": [
              {
                "auto_delete": true,
                "device_name": "fhmk21imo5q2njtopqgf",
                "disk_id": "fhmk21imo5q2njtopqgf",
                "initialize_params": [
                  {
                    "block_size": 4096,
                    "description": "",
                    "image_id": "fd8hjvnsltkcdeqjom1n",
                    "name": "",
                    "size": 3,
                    "snapshot_id": "",
                    "type": "network-hdd"
                  }
                ],
                "mode": "READ_WRITE"
              }
            ],
            "created_at": "2022-06-03T22:08:33Z",
            "description": "",
            "folder_id": "b1gtus05hgmcr750cbi3",
            "fqdn": "fhm34p1lcfh5etp6mgcs.auto.internal",
            "hostname": "fhm34p1lcfh5etp6mgcs",
            "id": "fhm34p1lcfh5etp6mgcs",
            "labels": null,
            "metadata": {
              "ssh-key": "ubuntu:ssh-rsa AAAAB3NzaC1yc2EAAAADAQABAAABgQCiHbIlWMrbT+N71YdNXTamjmnHF0qGJDF3TR32GjY1QqWMnPKEtwcmmTFhDNjcbj2wDNim2rXfRGFGYB5i48SZGIXS514SG/0bJdyP0D6lXzZeN7FD2+9uw5gZjp39/DxtWMjJ/7AguYMVkf/75dOIY/aldZxqjwutGiWANMOx5vWGuZrL9PpnPDudWjDlOfo8fTD3aYTZeRjJtzNeSNrKyWqLBGuW3XXipvbma+rA0om25/Akr4tUAIqUwjZdLWSkJFezgZh6pmdXfAv25f6L/vLZS0JaeV4OutPg7Fn69W13HM969igE8A2WfdOZw/0wTpDoYwimkUGSPUJbfYFz5/3rCIBwsdSjXWZ+7UVWWeqfcJit0hTJyEc3CTF0cI97/YyYzihvXDO4IF4ccle1jAi8exwGkbmaOS51NCd6cL3d2jeXVPk76tG8YRkUTph7K8i6ZzW/QV8tVVzBM03BLPwkGg3OVEMt0j+C9XIowzTGl0VsUGPc/ZeyuasHobM= root@anton-v-m\n"
            },
            "name": "terraform1",
            "network_acceleration_type": "standard",
            "network_interface": [
              {
                "dns_record": [],
                "index": 0,
                "ip_address": "192.168.10.15",
                "ipv4": true,
                "ipv6": false,
                "ipv6_address": "",
                "ipv6_dns_record": [],
                "mac_address": "d0:0d:32:64:35:63",
                "nat": true,
                "nat_dns_record": [],
                "nat_ip_address": "51.250.6.97",
                "nat_ip_version": "IPV4",
                "security_group_ids": [],
                "subnet_id": "e9bfts11fm8it7et1a7b"
              }
            ],
            "placement_policy": [
              {
                "host_affinity_rules": [],
                "placement_group_id": ""
              }
            ],
            "platform_id": "standard-v1",
            "resources": [
              {
                "core_fraction": 100,
                "cores": 2,
                "gpus": 0,
                "memory": 2
              }
            ],
            "scheduling_policy": [
              {
                "preemptible": false
              }
            ],
            "secondary_disk": [],
            "service_account_id": "",
            "status": "running",
            "timeouts": null,
            "zone": "ru-central1-a"
          },
          "sensitive_attributes": [],
          "private": "eyJlMmJmYjczMC1lY2FhLTExZTYtOGY4OC0zNDM2M2JjN2M0YzAiOnsiY3JlYXRlIjozMDAwMDAwMDAwMDAsImRlbGV0ZSI6MzAwMDAwMDAwMDAwLCJ1cGRhdGUiOjMwMDAwMDAwMDAwMH0sInNjaGVtYV92ZXJzaW9uIjoiMSJ9",
          "dependencies": [
            "yandex_vpc_subnet.subnet-1"
          ]
        }
      ]
    },
    {
      "mode": "managed",
      "type": "yandex_compute_instance",
      "name": "vm-2",
      "provider": "provider[\"registry.terraform.io/yandex-cloud/yandex\"]",
      "instances": [
        {
          "schema_version": 1,
          "attributes": {
            "allow_recreate": null,
            "allow_stopping_for_update": null,
            "boot_disk": [
              {
                "auto_delete": true,
                "device_name": "fhmmdp1r53uufg4roo36",
                "disk_id": "fhmmdp1r53uufg4roo36",
                "initialize_params": [
                  {
                    "block_size": 4096,
                    "description": "",
                    "image_id": "fd8hjvnsltkcdeqjom1n",
                    "name": "",
                    "size": 3,
                    "snapshot_id": "",
                    "type": "network-hdd"
                  }
                ],
                "mode": "READ_WRITE"
              }
            ],
            "created_at": "2022-06-03T22:08:33Z",
            "description": "",
            "folder_id": "b1gtus05hgmcr750cbi3",
            "fqdn": "fhm6fpnptiutdulgo0jq.auto.internal",
            "hostname": "fhm6fpnptiutdulgo0jq",
            "id": "fhm6fpnptiutdulgo0jq",
            "labels": null,
            "metadata": {
              "ssh-keys": "ubuntu:ssh-rsa AAAAB3NzaC1yc2EAAAADAQABAAABgQCiHbIlWMrbT+N71YdNXTamjmnHF0qGJDF3TR32GjY1QqWMnPKEtwcmmTFhDNjcbj2wDNim2rXfRGFGYB5i48SZGIXS514SG/0bJdyP0D6lXzZeN7FD2+9uw5gZjp39/DxtWMjJ/7AguYMVkf/75dOIY/aldZxqjwutGiWANMOx5vWGuZrL9PpnPDudWjDlOfo8fTD3aYTZeRjJtzNeSNrKyWqLBGuW3XXipvbma+rA0om25/Akr4tUAIqUwjZdLWSkJFezgZh6pmdXfAv25f6L/vLZS0JaeV4OutPg7Fn69W13HM969igE8A2WfdOZw/0wTpDoYwimkUGSPUJbfYFz5/3rCIBwsdSjXWZ+7UVWWeqfcJit0hTJyEc3CTF0cI97/YyYzihvXDO4IF4ccle1jAi8exwGkbmaOS51NCd6cL3d2jeXVPk76tG8YRkUTph7K8i6ZzW/QV8tVVzBM03BLPwkGg3OVEMt0j+C9XIowzTGl0VsUGPc/ZeyuasHobM= root@anton-v-m\n"
            },
            "name": "terraform2",
            "network_acceleration_type": "standard",
            "network_interface": [
              {
                "dns_record": [],
                "index": 0,
                "ip_address": "192.168.10.27",
                "ipv4": true,
                "ipv6": false,
                "ipv6_address": "",
                "ipv6_dns_record": [],
                "mac_address": "d0:0d:67:e6:f9:ec",
                "nat": true,
                "nat_dns_record": [],
                "nat_ip_address": "51.250.1.3",
                "nat_ip_version": "IPV4",
                "security_group_ids": [],
                "subnet_id": "e9bfts11fm8it7et1a7b"
              }
            ],
            "placement_policy": [
              {
                "host_affinity_rules": [],
                "placement_group_id": ""
              }
            ],
            "platform_id": "standard-v1",
            "resources": [
              {
                "core_fraction": 100,
                "cores": 2,
                "gpus": 0,
                "memory": 4
              }
            ],
            "scheduling_policy": [
              {
                "preemptible": false
              }
            ],
            "secondary_disk": [],
            "service_account_id": "",
            "status": "running",
            "timeouts": null,
            "zone": "ru-central1-a"
          },
          "sensitive_attributes": [],
          "private": "eyJlMmJmYjczMC1lY2FhLTExZTYtOGY4OC0zNDM2M2JjN2M0YzAiOnsiY3JlYXRlIjozMDAwMDAwMDAwMDAsImRlbGV0ZSI6MzAwMDAwMDAwMDAwLCJ1cGRhdGUiOjMwMDAwMDAwMDAwMH0sInNjaGVtYV92ZXJzaW9uIjoiMSJ9",
          "dependencies": [
            "yandex_vpc_subnet.subnet-1"
          ]
        }
      ]
    },
    {
      "mode": "managed",
      "type": "yandex_vpc_network",
      "name": "network-1",
      "provider": "provider[\"registry.terraform.io/yandex-cloud/yandex\"]",
      "instances": [
        {
          "schema_version": 0,
          "attributes": {
            "created_at": "2022-06-03T22:02:37Z",
            "default_security_group_id": "",
            "description": "",
            "folder_id": "b1gtus05hgmcr750cbi3",
            "id": "enps21koklo7hrn45s76",
            "labels": {},
            "name": "network1",
            "subnet_ids": [
              "e9bfts11fm8it7et1a7b"
            ],
            "timeouts": null
          },
          "sensitive_attributes": [],
          "private": "eyJlMmJmYjczMC1lY2FhLTExZTYtOGY4OC0zNDM2M2JjN2M0YzAiOnsiY3JlYXRlIjo2MDAwMDAwMDAwMCwiZGVsZXRlIjo2MDAwMDAwMDAwMCwidXBkYXRlIjo2MDAwMDAwMDAwMH19"
        }
      ]
    },
    {
      "mode": "managed",
      "type": "yandex_vpc_subnet",
      "name": "subnet-1",
      "provider": "provider[\"registry.terraform.io/yandex-cloud/yandex\"]",
      "instances": [
        {
          "schema_version": 0,
          "attributes": {
            "created_at": "2022-06-03T22:02:38Z",
            "description": "",
            "dhcp_options": [],
            "folder_id": "b1gtus05hgmcr750cbi3",
            "id": "e9bfts11fm8it7et1a7b",
            "labels": {},
            "name": "subnet1",
            "network_id": "enps21koklo7hrn45s76",
            "route_table_id": "",
            "timeouts": null,
            "v4_cidr_blocks": [
              "192.168.10.0/24"
            ],
            "v6_cidr_blocks": [],
            "zone": "ru-central1-a"
          },
          "sensitive_attributes": [],
          "private": "eyJlMmJmYjczMC1lY2FhLTExZTYtOGY4OC0zNDM2M2JjN2M0YzAiOnsiY3JlYXRlIjoxODAwMDAwMDAwMDAsImRlbGV0ZSI6MTgwMDAwMDAwMDAwLCJ1cGRhdGUiOjE4MDAwMDAwMDAwMH19",
          "dependencies": [
            "yandex_vpc_network.network-1"
          ]
        }
      ]
    }
  ]
}
